
Microsoft Visual Studio Solution File, Format Version 12.00
# Visual Studio 15
VisualStudioVersion = 15.0.27703.2047
MinimumVisualStudioVersion = 10.0.40219.1
Project("{8BC9CEB8-8B4A-11D0-8D11-00A0C91BC942}") = "laba1", "laba1\laba1.vcxproj", "{02886D89-1578-469E-AC7C-1AC774123C5F}"
EndProject
Global
	GlobalSection(SolutionConfigurationPlatforms) = preSolution
		Debug|x64 = Debug|x64
		Debug|x86 = Debug|x86
		Release|x64 = Release|x64
		Release|x86 = Release|x86
	EndGlobalSection
	GlobalSection(ProjectConfigurationPlatforms) = postSolution
		{02886D89-1578-469E-AC7C-1AC774123C5F}.Debug|x64.ActiveCfg = Debug|x64
		{02886D89-1578-469E-AC7C-1AC774123C5F}.Debug|x64.Build.0 = Debug|x64
		{02886D89-1578-469E-AC7C-1AC774123C5F}.Debug|x86.ActiveCfg = Debug|Win32
		{02886D89-1578-469E-AC7C-1AC774123C5F}.Debug|x86.Build.0 = Debug|Win32
		{02886D89-1578-469E-AC7C-1AC774123C5F}.Release|x64.ActiveCfg = Release|x64
		{02886D89-1578-469E-AC7C-1AC774123C5F}.Release|x64.Build.0 = Release|x64
		{02886D89-1578-469E-AC7C-1AC774123C5F}.Release|x86.ActiveCfg = Release|Win32
		{02886D89-1578-469E-AC7C-1AC774123C5F}.Release|x86.Build.0 = Release|Win32
	EndGlobalSection
	GlobalSection(SolutionProperties) = preSolution
		HideSolutionNode = FALSE
	EndGlobalSection
	GlobalSection(ExtensibilityGlobals) = postSolution
		SolutionGuid = {600D2B58-358E-4AB8-8F92-A8B7A0FD113F}
	EndGlobalSection
EndGlobal
